
Microsoft Visual Studio Solution File, Format Version 12.00
# Visual Studio 2012
Project("{FAE04EC0-301F-11D3-BF4B-00C04F79EFBC}") = "Live", "Live\Live.csproj", "{0FF03E15-5530-414A-8520-6EBFF3ED1105}"
EndProject
Global
	GlobalSection(SolutionConfigurationPlatforms) = preSolution
		Debug|Any CPU = Debug|Any CPU
		Release|Any CPU = Release|Any CPU
	EndGlobalSection
	GlobalSection(ProjectConfigurationPlatforms) = postSolution
		{0FF03E15-5530-414A-8520-6EBFF3ED1105}.Debug|Any CPU.ActiveCfg = Debug|Any CPU
		{0FF03E15-5530-414A-8520-6EBFF3ED1105}.Debug|Any CPU.Build.0 = Debug|Any CPU
		{0FF03E15-5530-414A-8520-6EBFF3ED1105}.Release|Any CPU.ActiveCfg = Release|Any CPU
		{0FF03E15-5530-414A-8520-6EBFF3ED1105}.Release|Any CPU.Build.0 = Release|Any CPU
	EndGlobalSection
	GlobalSection(SolutionProperties) = preSolution
		HideSolutionNode = FALSE
	EndGlobalSection
EndGlobal
